
Microsoft Visual Studio Solution File, Format Version 12.00
# Visual Studio 15
VisualStudioVersion = 15.0.26730.16
MinimumVisualStudioVersion = 10.0.40219.1
Project("{FAE04EC0-301F-11D3-BF4B-00C04F79EFBC}") = "SimpleJson-Portable", "SimpleJson-Portable.csproj", "{8264C25C-4195-4D37-B848-DE6A5C4F27CC}"
EndProject
Project("{FAE04EC0-301F-11D3-BF4B-00C04F79EFBC}") = "SimpleJsonTest", "SimpleJsonTest\SimpleJsonTest.csproj", "{CA3ED0BB-432D-4310-8A11-4EF53D982108}"
EndProject
Global
	GlobalSection(SolutionConfigurationPlatforms) = preSolution
		Debug|Any CPU = Debug|Any CPU
		Release|Any CPU = Release|Any CPU
	EndGlobalSection
	GlobalSection(ProjectConfigurationPlatforms) = postSolution
		{8264C25C-4195-4D37-B848-DE6A5C4F27CC}.Debug|Any CPU.ActiveCfg = Debug|Any CPU
		{8264C25C-4195-4D37-B848-DE6A5C4F27CC}.Debug|Any CPU.Build.0 = Debug|Any CPU
		{8264C25C-4195-4D37-B848-DE6A5C4F27CC}.Release|Any CPU.ActiveCfg = Release|Any CPU
		{8264C25C-4195-4D37-B848-DE6A5C4F27CC}.Release|Any CPU.Build.0 = Release|Any CPU
		{CA3ED0BB-432D-4310-8A11-4EF53D982108}.Debug|Any CPU.ActiveCfg = Debug|Any CPU
		{CA3ED0BB-432D-4310-8A11-4EF53D982108}.Debug|Any CPU.Build.0 = Debug|Any CPU
		{CA3ED0BB-432D-4310-8A11-4EF53D982108}.Release|Any CPU.ActiveCfg = Release|Any CPU
		{CA3ED0BB-432D-4310-8A11-4EF53D982108}.Release|Any CPU.Build.0 = Release|Any CPU
	EndGlobalSection
	GlobalSection(SolutionProperties) = preSolution
		HideSolutionNode = FALSE
	EndGlobalSection
	GlobalSection(ExtensibilityGlobals) = postSolution
		SolutionGuid = {7B01B706-D4EB-4294-95F4-1817E7907B21}
	EndGlobalSection
EndGlobal
